// !$*UTF8*$!
{
	archiveVersion = 1;
	classes = {
	};
	objectVersion = 46;
	objects = {

/* Begin PBXBuildFile section */
		247B7C8E1BDDF34B00D8B8CA /* UIImageView+FadeInImages.m in Sources */ = {isa = PBXBuildFile; fileRef = 247B7C8D1BDDF34B00D8B8CA /* UIImageView+FadeInImages.m */; };
		A16DF4E0890BDE45432DF113 /* libPods-RottenTomatoes.a in Frameworks */ = {isa = PBXBuildFile; fileRef = 03A209F0A4743BC1B4BB5191 /* libPods-RottenTomatoes.a */; };
		D009CF4C1BD7051200FCB80E /* MovieDetailsViewController.m in Sources */ = {isa = PBXBuildFile; fileRef = D009CF4A1BD7051200FCB80E /* MovieDetailsViewController.m */; };
		D0E17AD61BD6F29100D32C7C /* main.m in Sources */ = {isa = PBXBuildFile; fileRef = D0E17AD51BD6F29100D32C7C /* main.m */; };
		D0E17AD91BD6F29100D32C7C /* AppDelegate.m in Sources */ = {isa = PBXBuildFile; fileRef = D0E17AD81BD6F29100D32C7C /* AppDelegate.m */; };
		D0E17ADC1BD6F29100D32C7C /* MoviesViewController.m in Sources */ = {isa = PBXBuildFile; fileRef = D0E17ADB1BD6F29100D32C7C /* MoviesViewController.m */; };
		D0E17ADF1BD6F29100D32C7C /* Main.storyboard in Resources */ = {isa = PBXBuildFile; fileRef = D0E17ADD1BD6F29100D32C7C /* Main.storyboard */; };
		D0E17AE11BD6F29100D32C7C /* Assets.xcassets in Resources */ = {isa = PBXBuildFile; fileRef = D0E17AE01BD6F29100D32C7C /* Assets.xcassets */; };
		D0E17AE41BD6F29100D32C7C /* LaunchScreen.storyboard in Resources */ = {isa = PBXBuildFile; fileRef = D0E17AE21BD6F29100D32C7C /* LaunchScreen.storyboard */; };
		D0E17AED1BD6F87700D32C7C /* MovieCell.m in Sources */ = {isa = PBXBuildFile; fileRef = D0E17AEC1BD6F87700D32C7C /* MovieCell.m */; };
/* End PBXBuildFile section */

/* Begin PBXFileReference section */
		03A209F0A4743BC1B4BB5191 /* libPods-RottenTomatoes.a */ = {isa = PBXFileReference; explicitFileType = archive.ar; includeInIndex = 0; path = "libPods-RottenTomatoes.a"; sourceTree = BUILT_PRODUCTS_DIR; };
		247B7C8C1BDDF34B00D8B8CA /* UIImageView+FadeInImages.h */ = {isa = PBXFileReference; fileEncoding = 4; lastKnownFileType = sourcecode.c.h; path = "UIImageView+FadeInImages.h"; sourceTree = "<group>"; };
		247B7C8D1BDDF34B00D8B8CA /* UIImageView+FadeInImages.m */ = {isa = PBXFileReference; fileEncoding = 4; lastKnownFileType = sourcecode.c.objc; path = "UIImageView+FadeInImages.m"; sourceTree = "<group>"; };
		81C491A6F6B01FD8DF04058C /* Pods-RottenTomatoes.release.xcconfig */ = {isa = PBXFileReference; includeInIndex = 1; lastKnownFileType = text.xcconfig; name = "Pods-RottenTomatoes.release.xcconfig"; path = "Pods/Target Support Files/Pods-RottenTomatoes/Pods-RottenTomatoes.release.xcconfig"; sourceTree = "<group>"; };
		B3273142E88418738E656975 /* Pods-RottenTomatoes.debug.xcconfig */ = {isa = PBXFileReference; includeInIndex = 1; lastKnownFileType = text.xcconfig; name = "Pods-RottenTomatoes.debug.xcconfig"; path = "Pods/Target Support Files/Pods-RottenTomatoes/Pods-RottenTomatoes.debug.xcconfig"; sourceTree = "<group>"; };
		D009CF491BD7051200FCB80E /* MovieDetailsViewController.h */ = {isa = PBXFileReference; fileEncoding = 4; lastKnownFileType = sourcecode.c.h; path = MovieDetailsViewController.h; sourceTree = "<group>"; };
		D009CF4A1BD7051200FCB80E /* MovieDetailsViewController.m */ = {isa = PBXFileReference; fileEncoding = 4; lastKnownFileType = sourcecode.c.objc; path = MovieDetailsViewController.m; sourceTree = "<group>"; };
		D0E17AD11BD6F29100D32C7C /* RottenTomatoes.app */ = {isa = PBXFileReference; explicitFileType = wrapper.application; includeInIndex = 0; path = RottenTomatoes.app; sourceTree = BUILT_PRODUCTS_DIR; };
		D0E17AD51BD6F29100D32C7C /* main.m */ = {isa = PBXFileReference; lastKnownFileType = sourcecode.c.objc; path = main.m; sourceTree = "<group>"; };
		D0E17AD71BD6F29100D32C7C /* AppDelegate.h */ = {isa = PBXFileReference; lastKnownFileType = sourcecode.c.h; path = AppDelegate.h; sourceTree = "<group>"; };
		D0E17AD81BD6F29100D32C7C /* AppDelegate.m */ = {isa = PBXFileReference; lastKnownFileType = sourcecode.c.objc; path = AppDelegate.m; sourceTree = "<group>"; };
		D0E17ADA1BD6F29100D32C7C /* MoviesViewController.h */ = {isa = PBXFileReference; lastKnownFileType = sourcecode.c.h; path = MoviesViewController.h; sourceTree = "<group>"; };
		D0E17ADB1BD6F29100D32C7C /* MoviesViewController.m */ = {isa = PBXFileReference; lastKnownFileType = sourcecode.c.objc; path = MoviesViewController.m; sourceTree = "<group>"; };
		D0E17ADE1BD6F29100D32C7C /* Base */ = {isa = PBXFileReference; lastKnownFileType = file.storyboard; name = Base; path = Base.lproj/Main.storyboard; sourceTree = "<group>"; };
		D0E17AE01BD6F29100D32C7C /* Assets.xcassets */ = {isa = PBXFileReference; lastKnownFileType = folder.assetcatalog; path = Assets.xcassets; sourceTree = "<group>"; };
		D0E17AE31BD6F29100D32C7C /* Base */ = {isa = PBXFileReference; lastKnownFileType = file.storyboard; name = Base; path = Base.lproj/LaunchScreen.storyboard; sourceTree = "<group>"; };
		D0E17AE51BD6F29100D32C7C /* Info.plist */ = {isa = PBXFileReference; lastKnownFileType = text.plist.xml; path = Info.plist; sourceTree = "<group>"; };
		D0E17AEB1BD6F87700D32C7C /* MovieCell.h */ = {isa = PBXFileReference; fileEncoding = 4; lastKnownFileType = sourcecode.c.h; path = MovieCell.h; sourceTree = "<group>"; };
		D0E17AEC1BD6F87700D32C7C /* MovieCell.m */ = {isa = PBXFileReference; fileEncoding = 4; lastKnownFileType = sourcecode.c.objc; path = MovieCell.m; sourceTree = "<group>"; };
/* End PBXFileReference section */

/* Begin PBXFrameworksBuildPhase section */
		D0E17ACE1BD6F29100D32C7C /* Frameworks */ = {
			isa = PBXFrameworksBuildPhase;
			buildActionMask = 2147483647;
			files = (
				A16DF4E0890BDE45432DF113 /* libPods-RottenTomatoes.a in Frameworks */,
			);
			runOnlyForDeploymentPostprocessing = 0;
		};
/* End PBXFrameworksBuildPhase section */

/* Begin PBXGroup section */
		22BF6CA9E9E7308F7C0B8E8B /* Pods */ = {
			isa = PBXGroup;
			children = (
				B3273142E88418738E656975 /* Pods-RottenTomatoes.debug.xcconfig */,
				81C491A6F6B01FD8DF04058C /* Pods-RottenTomatoes.release.xcconfig */,
			);
			name = Pods;
			sourceTree = "<group>";
		};
		D0E0710F1BD9E5AA009F9708 /* Movies View */ = {
			isa = PBXGroup;
			children = (
				D0E17ADA1BD6F29100D32C7C /* MoviesViewController.h */,
				D0E17ADB1BD6F29100D32C7C /* MoviesViewController.m */,
				D0E17AEB1BD6F87700D32C7C /* MovieCell.h */,
				D0E17AEC1BD6F87700D32C7C /* MovieCell.m */,
			);
			name = "Movies View";
			sourceTree = "<group>";
		};
		D0E071101BD9E6AC009F9708 /* Details View */ = {
			isa = PBXGroup;
			children = (
				D009CF491BD7051200FCB80E /* MovieDetailsViewController.h */,
				D009CF4A1BD7051200FCB80E /* MovieDetailsViewController.m */,
			);
			name = "Details View";
			sourceTree = "<group>";
		};
		D0E17AC81BD6F29100D32C7C = {
			isa = PBXGroup;
			children = (
				D0E17AD31BD6F29100D32C7C /* RottenTomatoes */,
				D0E17AD21BD6F29100D32C7C /* Products */,
				22BF6CA9E9E7308F7C0B8E8B /* Pods */,
				E3BB4543D80603FA38437BEC /* Frameworks */,
			);
			sourceTree = "<group>";
		};
		D0E17AD21BD6F29100D32C7C /* Products */ = {
			isa = PBXGroup;
			children = (
				D0E17AD11BD6F29100D32C7C /* RottenTomatoes.app */,
			);
			name = Products;
			sourceTree = "<group>";
		};
		D0E17AD31BD6F29100D32C7C /* RottenTomatoes */ = {
			isa = PBXGroup;
			children = (
				D0E071101BD9E6AC009F9708 /* Details View */,
				D0E0710F1BD9E5AA009F9708 /* Movies View */,
				D0E17AD71BD6F29100D32C7C /* AppDelegate.h */,
				D0E17AD81BD6F29100D32C7C /* AppDelegate.m */,
				D0E17ADD1BD6F29100D32C7C /* Main.storyboard */,
				D0E17AE01BD6F29100D32C7C /* Assets.xcassets */,
				D0E17AE21BD6F29100D32C7C /* LaunchScreen.storyboard */,
				D0E17AE51BD6F29100D32C7C /* Info.plist */,
				D0E17AD41BD6F29100D32C7C /* Supporting Files */,
				247B7C8C1BDDF34B00D8B8CA /* UIImageView+FadeInImages.h */,
				247B7C8D1BDDF34B00D8B8CA /* UIImageView+FadeInImages.m */,
			);
			path = RottenTomatoes;
			sourceTree = "<group>";
		};
		D0E17AD41BD6F29100D32C7C /* Supporting Files */ = {
			isa = PBXGroup;
			children = (
				D0E17AD51BD6F29100D32C7C /* main.m */,
			);
			name = "Supporting Files";
			sourceTree = "<group>";
		};
		E3BB4543D80603FA38437BEC /* Frameworks */ = {
			isa = PBXGroup;
			children = (
				03A209F0A4743BC1B4BB5191 /* libPods-RottenTomatoes.a */,
			);
			name = Frameworks;
			sourceTree = "<group>";
		};
/* End PBXGroup section */

/* Begin PBXNativeTarget section */
		D0E17AD01BD6F29100D32C7C /* RottenTomatoes */ = {
			isa = PBXNativeTarget;
			buildConfigurationList = D0E17AE81BD6F29100D32C7C /* Build configuration list for PBXNativeTarget "RottenTomatoes" */;
			buildPhases = (
				96C7624E26DEEC63405B67A2 /* Check Pods Manifest.lock */,
				D0E17ACD1BD6F29100D32C7C /* Sources */,
				D0E17ACE1BD6F29100D32C7C /* Frameworks */,
				D0E17ACF1BD6F29100D32C7C /* Resources */,
				A8E2838F01513C80D303DF4F /* Embed Pods Frameworks */,
				EB87605CF86471696575BD25 /* Copy Pods Resources */,
			);
			buildRules = (
			);
			dependencies = (
			);
			name = RottenTomatoes;
			productName = RottenTomatoes;
			productReference = D0E17AD11BD6F29100D32C7C /* RottenTomatoes.app */;
			productType = "com.apple.product-type.application";
		};
/* End PBXNativeTarget section */

/* Begin PBXProject section */
		D0E17AC91BD6F29100D32C7C /* Project object */ = {
			isa = PBXProject;
			attributes = {
				LastUpgradeCheck = 0700;
				ORGANIZATIONNAME = "Gabriel Gayán";
				TargetAttributes = {
					D0E17AD01BD6F29100D32C7C = {
						CreatedOnToolsVersion = 7.0.1;
						DevelopmentTeam = 772NMS87XD;
					};
				};
			};
			buildConfigurationList = D0E17ACC1BD6F29100D32C7C /* Build configuration list for PBXProject "RottenTomatoes" */;
			compatibilityVersion = "Xcode 3.2";
			developmentRegion = English;
			hasScannedForEncodings = 0;
			knownRegions = (
				en,
				Base,
			);
			mainGroup = D0E17AC81BD6F29100D32C7C;
			productRefGroup = D0E17AD21BD6F29100D32C7C /* Products */;
			projectDirPath = "";
			projectRoot = "";
			targets = (
				D0E17AD01BD6F29100D32C7C /* RottenTomatoes */,
			);
		};
/* End PBXProject section */

/* Begin PBXResourcesBuildPhase section */
		D0E17ACF1BD6F29100D32C7C /* Resources */ = {
			isa = PBXResourcesBuildPhase;
			buildActionMask = 2147483647;
			files = (
				D0E17AE41BD6F29100D32C7C /* LaunchScreen.storyboard in Resources */,
				D0E17AE11BD6F29100D32C7C /* Assets.xcassets in Resources */,
				D0E17ADF1BD6F29100D32C7C /* Main.storyboard in Resources */,
			);
			runOnlyForDeploymentPostprocessing = 0;
		};
/* End PBXResourcesBuildPhase section */

/* Begin PBXShellScriptBuildPhase section */
		96C7624E26DEEC63405B67A2 /* Check Pods Manifest.lock */ = {
			isa = PBXShellScriptBuildPhase;
			buildActionMask = 2147483647;
			files = (
			);
			inputPaths = (
			);
			name = "Check Pods Manifest.lock";
			outputPaths = (
			);
			runOnlyForDeploymentPostprocessing = 0;
			shellPath = /bin/sh;
			shellScript = "diff \"${PODS_ROOT}/../Podfile.lock\" \"${PODS_ROOT}/Manifest.lock\" > /dev/null\nif [[ $? != 0 ]] ; then\n    cat << EOM\nerror: The sandbox is not in sync with the Podfile.lock. Run 'pod install' or update your CocoaPods installation.\nEOM\n    exit 1\nfi\n";
			showEnvVarsInLog = 0;
		};
		A8E2838F01513C80D303DF4F /* Embed Pods Frameworks */ = {
			isa = PBXShellScriptBuildPhase;
			buildActionMask = 2147483647;
			files = (
			);
			inputPaths = (
			);
			name = "Embed Pods Frameworks";
			outputPaths = (
			);
			runOnlyForDeploymentPostprocessing = 0;
			shellPath = /bin/sh;
			shellScript = "\"${SRCROOT}/Pods/Target Support Files/Pods-RottenTomatoes/Pods-RottenTomatoes-frameworks.sh\"\n";
			showEnvVarsInLog = 0;
		};
		EB87605CF86471696575BD25 /* Copy Pods Resources */ = {
			isa = PBXShellScriptBuildPhase;
			buildActionMask = 2147483647;
			files = (
			);
			inputPaths = (
			);
			name = "Copy Pods Resources";
			outputPaths = (
			);
			runOnlyForDeploymentPostprocessing = 0;
			shellPath = /bin/sh;
			shellScript = "\"${SRCROOT}/Pods/Target Support Files/Pods-RottenTomatoes/Pods-RottenTomatoes-resources.sh\"\n";
			showEnvVarsInLog = 0;
		};
/* End PBXShellScriptBuildPhase section */

/* Begin PBXSourcesBuildPhase section */
		D0E17ACD1BD6F29100D32C7C /* Sources */ = {
			isa = PBXSourcesBuildPhase;
			buildActionMask = 2147483647;
			files = (
				D009CF4C1BD7051200FCB80E /* MovieDetailsViewController.m in Sources */,
				247B7C8E1BDDF34B00D8B8CA /* UIImageView+FadeInImages.m in Sources */,
				D0E17ADC1BD6F29100D32C7C /* MoviesViewController.m in Sources */,
				D0E17AD91BD6F29100D32C7C /* AppDelegate.m in Sources */,
				D0E17AED1BD6F87700D32C7C /* MovieCell.m in Sources */,
				D0E17AD61BD6F29100D32C7C /* main.m in Sources */,
			);
			runOnlyForDeploymentPostprocessing = 0;
		};
/* End PBXSourcesBuildPhase section */

/* Begin PBXVariantGroup section */
		D0E17ADD1BD6F29100D32C7C /* Main.storyboard */ = {
			isa = PBXVariantGroup;
			children = (
				D0E17ADE1BD6F29100D32C7C /* Base */,
			);
			name = Main.storyboard;
			sourceTree = "<group>";
		};
		D0E17AE21BD6F29100D32C7C /* LaunchScreen.storyboard */ = {
			isa = PBXVariantGroup;
			children = (
				D0E17AE31BD6F29100D32C7C /* Base */,
			);
			name = LaunchScreen.storyboard;
			sourceTree = "<group>";
		};
/* End PBXVariantGroup section */

/* Begin XCBuildConfiguration section */
		D0E17AE61BD6F29100D32C7C /* Debug */ = {
			isa = XCBuildConfiguration;
			buildSettings = {
				ALWAYS_SEARCH_USER_PATHS = NO;
				CLANG_CXX_LANGUAGE_STANDARD = "gnu++0x";
				CLANG_CXX_LIBRARY = "libc++";
				CLANG_ENABLE_MODULES = YES;
				CLANG_ENABLE_OBJC_ARC = YES;
				CLANG_WARN_BOOL_CONVERSION = YES;
				CLANG_WARN_CONSTANT_CONVERSION = YES;
				CLANG_WARN_DIRECT_OBJC_ISA_USAGE = YES_ERROR;
				CLANG_WARN_EMPTY_BODY = YES;
				CLANG_WARN_ENUM_CONVERSION = YES;
				CLANG_WARN_INT_CONVERSION = YES;
				CLANG_WARN_OBJC_ROOT_CLASS = YES_ERROR;
				CLANG_WARN_UNREACHABLE_CODE = YES;
				CLANG_WARN__DUPLICATE_METHOD_MATCH = YES;
				"CODE_SIGN_IDENTITY[sdk=iphoneos*]" = "iPhone Developer";
				COPY_PHASE_STRIP = NO;
				DEBUG_INFORMATION_FORMAT = dwarf;
				ENABLE_STRICT_OBJC_MSGSEND = YES;
				ENABLE_TESTABILITY = YES;
				GCC_C_LANGUAGE_STANDARD = gnu99;
				GCC_DYNAMIC_NO_PIC = NO;
				GCC_NO_COMMON_BLOCKS = YES;
				GCC_OPTIMIZATION_LEVEL = 0;
				GCC_PREPROCESSOR_DEFINITIONS = (
					"DEBUG=1",
					"$(inherited)",
				);
				GCC_WARN_64_TO_32_BIT_CONVERSION = YES;
				GCC_WARN_ABOUT_RETURN_TYPE = YES_ERROR;
				GCC_WARN_UNDECLARED_SELECTOR = YES;
				GCC_WARN_UNINITIALIZED_AUTOS = YES_AGGRESSIVE;
				GCC_WARN_UNUSED_FUNCTION = YES;
				GCC_WARN_UNUSED_VARIABLE = YES;
				IPHONEOS_DEPLOYMENT_TARGET = 9.0;
				MTL_ENABLE_DEBUG_INFO = YES;
				ONLY_ACTIVE_ARCH = YES;
				SDKROOT = iphoneos;
				TARGETED_DEVICE_FAMILY = "1,2";
			};
			name = Debug;
		};
		D0E17AE71BD6F29100D32C7C /* Release */ = {
			isa = XCBuildConfiguration;
			buildSettings = {
				ALWAYS_SEARCH_USER_PATHS = NO;
				CLANG_CXX_LANGUAGE_STANDARD = "gnu++0x";
				CLANG_CXX_LIBRARY = "libc++";
				CLANG_ENABLE_MODULES = YES;
				CLANG_ENABLE_OBJC_ARC = YES;
				CLANG_WARN_BOOL_CONVERSION = YES;
				CLANG_WARN_CONSTANT_CONVERSION = YES;
				CLANG_WARN_DIRECT_OBJC_ISA_USAGE = YES_ERROR;
				CLANG_WARN_EMPTY_BODY = YES;
				CLANG_WARN_ENUM_CONVERSION = YES;
				CLANG_WARN_INT_CONVERSION = YES;
				CLANG_WARN_OBJC_ROOT_CLASS = YES_ERROR;
				CLANG_WARN_UNREACHABLE_CODE = YES;
				CLANG_WARN__DUPLICATE_METHOD_MATCH = YES;
				"CODE_SIGN_IDENTITY[sdk=iphoneos*]" = "iPhone Developer";
				COPY_PHASE_STRIP = NO;
				DEBUG_INFORMATION_FORMAT = "dwarf-with-dsym";
				ENABLE_NS_ASSERTIONS = NO;
				ENABLE_STRICT_OBJC_MSGSEND = YES;
				GCC_C_LANGUAGE_STANDARD = gnu99;
				GCC_NO_COMMON_BLOCKS = YES;
				GCC_WARN_64_TO_32_BIT_CONVERSION = YES;
				GCC_WARN_ABOUT_RETURN_TYPE = YES_ERROR;
				GCC_WARN_UNDECLARED_SELECTOR = YES;
				GCC_WARN_UNINITIALIZED_AUTOS = YES_AGGRESSIVE;
				GCC_WARN_UNUSED_FUNCTION = YES;
				GCC_WARN_UNUSED_VARIABLE = YES;
				IPHONEOS_DEPLOYMENT_TARGET = 9.0;
				MTL_ENABLE_DEBUG_INFO = NO;
				SDKROOT = iphoneos;
				TARGETED_DEVICE_FAMILY = "1,2";
				VALIDATE_PRODUCT = YES;
			};
			name = Release;
		};
		D0E17AE91BD6F29100D32C7C /* Debug */ = {
			isa = XCBuildConfiguration;
			baseConfigurationReference = B3273142E88418738E656975 /* Pods-RottenTomatoes.debug.xcconfig */;
			buildSettings = {
				ASSETCATALOG_COMPILER_APPICON_NAME = AppIcon;
				INFOPLIST_FILE = RottenTomatoes/Info.plist;
				LD_RUNPATH_SEARCH_PATHS = "$(inherited) @executable_path/Frameworks";
				PRODUCT_BUNDLE_IDENTIFIER = org.gabrielgayan.RottenTomatoes;
				PRODUCT_NAME = "$(TARGET_NAME)";
			};
			name = Debug;
		};
		D0E17AEA1BD6F29100D32C7C /* Release */ = {
			isa = XCBuildConfiguration;
			baseConfigurationReference = 81C491A6F6B01FD8DF04058C /* Pods-RottenTomatoes.release.xcconfig */;
			buildSettings = {
				ASSETCATALOG_COMPILER_APPICON_NAME = AppIcon;
				INFOPLIST_FILE = RottenTomatoes/Info.plist;
				LD_RUNPATH_SEARCH_PATHS = "$(inherited) @executable_path/Frameworks";
				PRODUCT_BUNDLE_IDENTIFIER = org.gabrielgayan.RottenTomatoes;
				PRODUCT_NAME = "$(TARGET_NAME)";
			};
			name = Release;
		};
/* End XCBuildConfiguration section */

/* Begin XCConfigurationList section */
		D0E17ACC1BD6F29100D32C7C /* Build configuration list for PBXProject "RottenTomatoes" */ = {
			isa = XCConfigurationList;
			buildConfigurations = (
				D0E17AE61BD6F29100D32C7C /* Debug */,
				D0E17AE71BD6F29100D32C7C /* Release */,
			);
			defaultConfigurationIsVisible = 0;
			defaultConfigurationName = Release;
		};
		D0E17AE81BD6F29100D32C7C /* Build configuration list for PBXNativeTarget "RottenTomatoes" */ = {
			isa = XCConfigurationList;
			buildConfigurations = (
				D0E17AE91BD6F29100D32C7C /* Debug */,
				D0E17AEA1BD6F29100D32C7C /* Release */,
			);
			defaultConfigurationIsVisible = 0;
			defaultConfigurationName = Release;
		};
/* End XCConfigurationList section */
	};
	rootObject = D0E17AC91BD6F29100D32C7C /* Project object */;
}
